
Microsoft Visual Studio Solution File, Format Version 11.00
# Visual Studio 2010
Project("{FAE04EC0-301F-11D3-BF4B-00C04F79EFBC}") = "TddKata1", "TddKata1\TddKata1.csproj", "{A7F8D2E2-39B2-4941-AA76-62358D789A42}"
EndProject
Global
	GlobalSection(SolutionConfigurationPlatforms) = preSolution
		Debug|Any CPU = Debug|Any CPU
		Release|Any CPU = Release|Any CPU
	EndGlobalSection
	GlobalSection(ProjectConfigurationPlatforms) = postSolution
		{A7F8D2E2-39B2-4941-AA76-62358D789A42}.Debug|Any CPU.ActiveCfg = Debug|Any CPU
		{A7F8D2E2-39B2-4941-AA76-62358D789A42}.Debug|Any CPU.Build.0 = Debug|Any CPU
		{A7F8D2E2-39B2-4941-AA76-62358D789A42}.Release|Any CPU.ActiveCfg = Release|Any CPU
		{A7F8D2E2-39B2-4941-AA76-62358D789A42}.Release|Any CPU.Build.0 = Release|Any CPU
	EndGlobalSection
	GlobalSection(SolutionProperties) = preSolution
		HideSolutionNode = FALSE
	EndGlobalSection
EndGlobal
